
Microsoft Visual Studio Solution File, Format Version 12.00
# Visual Studio Version 16
VisualStudioVersion = 16.0.33027.164
MinimumVisualStudioVersion = 10.0.40219.1
Project("{FAE04EC0-301F-11D3-BF4B-00C04F79EFBC}") = "Comp Sci - EPOS System", "Comp Sci - EPOS System\Comp Sci - EPOS System.csproj", "{FDA0E1BA-2E1C-4CDF-9186-57D42903EE5D}"
EndProject
Global
	GlobalSection(SolutionConfigurationPlatforms) = preSolution
		Debug|Any CPU = Debug|Any CPU
		Release|Any CPU = Release|Any CPU
	EndGlobalSection
	GlobalSection(ProjectConfigurationPlatforms) = postSolution
		{FDA0E1BA-2E1C-4CDF-9186-57D42903EE5D}.Debug|Any CPU.ActiveCfg = Debug|Any CPU
		{FDA0E1BA-2E1C-4CDF-9186-57D42903EE5D}.Debug|Any CPU.Build.0 = Debug|Any CPU
		{FDA0E1BA-2E1C-4CDF-9186-57D42903EE5D}.Release|Any CPU.ActiveCfg = Release|Any CPU
		{FDA0E1BA-2E1C-4CDF-9186-57D42903EE5D}.Release|Any CPU.Build.0 = Release|Any CPU
	EndGlobalSection
	GlobalSection(SolutionProperties) = preSolution
		HideSolutionNode = FALSE
	EndGlobalSection
	GlobalSection(ExtensibilityGlobals) = postSolution
		SolutionGuid = {3F684E9A-AE41-49ED-89D2-2A4B5680C35F}
	EndGlobalSection
EndGlobal
